
Microsoft Visual Studio Solution File, Format Version 12.00
# Visual Studio Version 16
VisualStudioVersion = 16.0.29519.87
MinimumVisualStudioVersion = 10.0.40219.1
Project("{FAE04EC0-301F-11D3-BF4B-00C04F79EFBC}") = "InsightlyProblem1", "InsightlyProblem1\InsightlyProblem1.csproj", "{6FA8B32C-67B7-4262-BF01-A65178B5005C}"
EndProject
Global
	GlobalSection(SolutionConfigurationPlatforms) = preSolution
		Debug|Any CPU = Debug|Any CPU
		Release|Any CPU = Release|Any CPU
	EndGlobalSection
	GlobalSection(ProjectConfigurationPlatforms) = postSolution
		{6FA8B32C-67B7-4262-BF01-A65178B5005C}.Debug|Any CPU.ActiveCfg = Debug|Any CPU
		{6FA8B32C-67B7-4262-BF01-A65178B5005C}.Debug|Any CPU.Build.0 = Debug|Any CPU
		{6FA8B32C-67B7-4262-BF01-A65178B5005C}.Release|Any CPU.ActiveCfg = Release|Any CPU
		{6FA8B32C-67B7-4262-BF01-A65178B5005C}.Release|Any CPU.Build.0 = Release|Any CPU
	EndGlobalSection
	GlobalSection(SolutionProperties) = preSolution
		HideSolutionNode = FALSE
	EndGlobalSection
	GlobalSection(ExtensibilityGlobals) = postSolution
		SolutionGuid = {0751368A-86A9-4767-B12E-32D611EDA7D4}
	EndGlobalSection
EndGlobal
